
Microsoft Visual Studio Solution File, Format Version 12.00
# Visual Studio Version 17
VisualStudioVersion = 17.0.31903.59
MinimumVisualStudioVersion = 10.0.40219.1
Project("{2150E333-8FDC-42A3-9474-1A3956D46DE8}") = "src", "src", "{9B42ED79-A931-4241-BBB6-580F8DA0DC9B}"
EndProject
Project("{FAE04EC0-301F-11D3-BF4B-00C04F79EFBC}") = "Tasks", "src\Tasks\Tasks.csproj", "{C169A896-84A1-476B-9704-C99359E7B86C}"
EndProject
Project("{2150E333-8FDC-42A3-9474-1A3956D46DE8}") = "tests", "tests", "{263B66C8-23EA-480B-BA59-AA152062EF5D}"
EndProject
Project("{FAE04EC0-301F-11D3-BF4B-00C04F79EFBC}") = "Tasks.Tests", "tests\Tasks.Tests\Tasks.Tests.csproj", "{B9B1A742-A92B-46B7-BEE4-2FBA94B69B74}"
EndProject
Global
	GlobalSection(SolutionProperties) = preSolution
		HideSolutionNode = FALSE
	EndGlobalSection
	GlobalSection(SolutionConfigurationPlatforms) = preSolution
		Debug|Any CPU = Debug|Any CPU
		Debug|x64 = Debug|x64
		Debug|x86 = Debug|x86
		Release|Any CPU = Release|Any CPU
		Release|x64 = Release|x64
		Release|x86 = Release|x86
	EndGlobalSection
	GlobalSection(ProjectConfigurationPlatforms) = postSolution
		{C169A896-84A1-476B-9704-C99359E7B86C}.Debug|Any CPU.ActiveCfg = Debug|Any CPU
		{C169A896-84A1-476B-9704-C99359E7B86C}.Debug|Any CPU.Build.0 = Debug|Any CPU
		{C169A896-84A1-476B-9704-C99359E7B86C}.Debug|x64.ActiveCfg = Debug|Any CPU
		{C169A896-84A1-476B-9704-C99359E7B86C}.Debug|x64.Build.0 = Debug|Any CPU
		{C169A896-84A1-476B-9704-C99359E7B86C}.Debug|x86.ActiveCfg = Debug|Any CPU
		{C169A896-84A1-476B-9704-C99359E7B86C}.Debug|x86.Build.0 = Debug|Any CPU
		{C169A896-84A1-476B-9704-C99359E7B86C}.Release|Any CPU.ActiveCfg = Release|Any CPU
		{C169A896-84A1-476B-9704-C99359E7B86C}.Release|Any CPU.Build.0 = Release|Any CPU
		{C169A896-84A1-476B-9704-C99359E7B86C}.Release|x64.ActiveCfg = Release|Any CPU
		{C169A896-84A1-476B-9704-C99359E7B86C}.Release|x64.Build.0 = Release|Any CPU
		{C169A896-84A1-476B-9704-C99359E7B86C}.Release|x86.ActiveCfg = Release|Any CPU
		{C169A896-84A1-476B-9704-C99359E7B86C}.Release|x86.Build.0 = Release|Any CPU
		{B9B1A742-A92B-46B7-BEE4-2FBA94B69B74}.Debug|Any CPU.ActiveCfg = Debug|Any CPU
		{B9B1A742-A92B-46B7-BEE4-2FBA94B69B74}.Debug|Any CPU.Build.0 = Debug|Any CPU
		{B9B1A742-A92B-46B7-BEE4-2FBA94B69B74}.Debug|x64.ActiveCfg = Debug|Any CPU
		{B9B1A742-A92B-46B7-BEE4-2FBA94B69B74}.Debug|x64.Build.0 = Debug|Any CPU
		{B9B1A742-A92B-46B7-BEE4-2FBA94B69B74}.Debug|x86.ActiveCfg = Debug|Any CPU
		{B9B1A742-A92B-46B7-BEE4-2FBA94B69B74}.Debug|x86.Build.0 = Debug|Any CPU
		{B9B1A742-A92B-46B7-BEE4-2FBA94B69B74}.Release|Any CPU.ActiveCfg = Release|Any CPU
		{B9B1A742-A92B-46B7-BEE4-2FBA94B69B74}.Release|Any CPU.Build.0 = Release|Any CPU
		{B9B1A742-A92B-46B7-BEE4-2FBA94B69B74}.Release|x64.ActiveCfg = Release|Any CPU
		{B9B1A742-A92B-46B7-BEE4-2FBA94B69B74}.Release|x64.Build.0 = Release|Any CPU
		{B9B1A742-A92B-46B7-BEE4-2FBA94B69B74}.Release|x86.ActiveCfg = Release|Any CPU
		{B9B1A742-A92B-46B7-BEE4-2FBA94B69B74}.Release|x86.Build.0 = Release|Any CPU
	EndGlobalSection
	GlobalSection(NestedProjects) = preSolution
		{C169A896-84A1-476B-9704-C99359E7B86C} = {9B42ED79-A931-4241-BBB6-580F8DA0DC9B}
		{B9B1A742-A92B-46B7-BEE4-2FBA94B69B74} = {263B66C8-23EA-480B-BA59-AA152062EF5D}
	EndGlobalSection
EndGlobal
